
Microsoft Visual Studio Solution File, Format Version 12.00
# Visual Studio 2013
VisualStudioVersion = 12.0.40629.0
MinimumVisualStudioVersion = 10.0.40219.1
Project("{FAE04EC0-301F-11D3-BF4B-00C04F79EFBC}") = "WebBanQuanAo", "WebBanQuanAo\WebBanQuanAo.csproj", "{CCAC0584-0BCA-4321-9026-D5DAC1F1A417}"
EndProject
Project("{2150E333-8FDC-42A3-9474-1A3956D46DE8}") = ".nuget", ".nuget", "{A8DBE4BB-2A49-42EF-BAD3-B1B1614EA647}"
	ProjectSection(SolutionItems) = preProject
		.nuget\NuGet.Config = .nuget\NuGet.Config
		.nuget\NuGet.exe = .nuget\NuGet.exe
		.nuget\NuGet.targets = .nuget\NuGet.targets
	EndProjectSection
EndProject
Global
	GlobalSection(SolutionConfigurationPlatforms) = preSolution
		Debug|Any CPU = Debug|Any CPU
		Release|Any CPU = Release|Any CPU
	EndGlobalSection
	GlobalSection(ProjectConfigurationPlatforms) = postSolution
		{CCAC0584-0BCA-4321-9026-D5DAC1F1A417}.Debug|Any CPU.ActiveCfg = Debug|Any CPU
		{CCAC0584-0BCA-4321-9026-D5DAC1F1A417}.Debug|Any CPU.Build.0 = Debug|Any CPU
		{CCAC0584-0BCA-4321-9026-D5DAC1F1A417}.Release|Any CPU.ActiveCfg = Release|Any CPU
		{CCAC0584-0BCA-4321-9026-D5DAC1F1A417}.Release|Any CPU.Build.0 = Release|Any CPU
	EndGlobalSection
	GlobalSection(SolutionProperties) = preSolution
		HideSolutionNode = FALSE
	EndGlobalSection
EndGlobal
